// !$*UTF8*$!
{
	archiveVersion = 1;
	classes = {
	};
	objectVersion = 46;
	objects = {

/* Begin PBXBuildFile section */
		927836F21A068EA900CE9E44 /* main.m in Sources */ = {isa = PBXBuildFile; fileRef = 927836F11A068EA900CE9E44 /* main.m */; };
		927836F51A068EA900CE9E44 /* AppDelegate.m in Sources */ = {isa = PBXBuildFile; fileRef = 927836F41A068EA900CE9E44 /* AppDelegate.m */; };
		927836F81A068EA900CE9E44 /* ViewController.m in Sources */ = {isa = PBXBuildFile; fileRef = 927836F71A068EA900CE9E44 /* ViewController.m */; };
		927836FB1A068EA900CE9E44 /* Main.storyboard in Resources */ = {isa = PBXBuildFile; fileRef = 927836F91A068EA900CE9E44 /* Main.storyboard */; };
		927836FD1A068EA900CE9E44 /* Images.xcassets in Resources */ = {isa = PBXBuildFile; fileRef = 927836FC1A068EA900CE9E44 /* Images.xcassets */; };
		927837001A068EA900CE9E44 /* LaunchScreen.xib in Resources */ = {isa = PBXBuildFile; fileRef = 927836FE1A068EA900CE9E44 /* LaunchScreen.xib */; };
		9278370C1A068EA900CE9E44 /* Alpha_TouchTests.m in Sources */ = {isa = PBXBuildFile; fileRef = 9278370B1A068EA900CE9E44 /* Alpha_TouchTests.m */; };
/* End PBXBuildFile section */

/* Begin PBXContainerItemProxy section */
		927837061A068EA900CE9E44 /* PBXContainerItemProxy */ = {
			isa = PBXContainerItemProxy;
			containerPortal = 927836E41A068EA900CE9E44 /* Project object */;
			proxyType = 1;
			remoteGlobalIDString = 927836EB1A068EA900CE9E44;
			remoteInfo = "Alpha Touch";
		};
/* End PBXContainerItemProxy section */

/* Begin PBXFileReference section */
		927836EC1A068EA900CE9E44 /* Alpha Touch.app */ = {isa = PBXFileReference; explicitFileType = wrapper.application; includeInIndex = 0; path = "Alpha Touch.app"; sourceTree = BUILT_PRODUCTS_DIR; };
		927836F01A068EA900CE9E44 /* Info.plist */ = {isa = PBXFileReference; lastKnownFileType = text.plist.xml; path = Info.plist; sourceTree = "<group>"; };
		927836F11A068EA900CE9E44 /* main.m */ = {isa = PBXFileReference; lastKnownFileType = sourcecode.c.objc; path = main.m; sourceTree = "<group>"; };
		927836F31A068EA900CE9E44 /* AppDelegate.h */ = {isa = PBXFileReference; lastKnownFileType = sourcecode.c.h; path = AppDelegate.h; sourceTree = "<group>"; };
		927836F41A068EA900CE9E44 /* AppDelegate.m */ = {isa = PBXFileReference; lastKnownFileType = sourcecode.c.objc; path = AppDelegate.m; sourceTree = "<group>"; };
		927836F61A068EA900CE9E44 /* ViewController.h */ = {isa = PBXFileReference; lastKnownFileType = sourcecode.c.h; path = ViewController.h; sourceTree = "<group>"; };
		927836F71A068EA900CE9E44 /* ViewController.m */ = {isa = PBXFileReference; lastKnownFileType = sourcecode.c.objc; path = ViewController.m; sourceTree = "<group>"; };
		927836FA1A068EA900CE9E44 /* Base */ = {isa = PBXFileReference; lastKnownFileType = file.storyboard; name = Base; path = Base.lproj/Main.storyboard; sourceTree = "<group>"; };
		927836FC1A068EA900CE9E44 /* Images.xcassets */ = {isa = PBXFileReference; lastKnownFileType = folder.assetcatalog; path = Images.xcassets; sourceTree = "<group>"; };
		927836FF1A068EA900CE9E44 /* Base */ = {isa = PBXFileReference; lastKnownFileType = file.xib; name = Base; path = Base.lproj/LaunchScreen.xib; sourceTree = "<group>"; };
		927837051A068EA900CE9E44 /* Alpha TouchTests.xctest */ = {isa = PBXFileReference; explicitFileType = wrapper.cfbundle; includeInIndex = 0; path = "Alpha TouchTests.xctest"; sourceTree = BUILT_PRODUCTS_DIR; };
		9278370A1A068EA900CE9E44 /* Info.plist */ = {isa = PBXFileReference; lastKnownFileType = text.plist.xml; path = Info.plist; sourceTree = "<group>"; };
		9278370B1A068EA900CE9E44 /* Alpha_TouchTests.m */ = {isa = PBXFileReference; lastKnownFileType = sourcecode.c.objc; path = Alpha_TouchTests.m; sourceTree = "<group>"; };
/* End PBXFileReference section */

/* Begin PBXFrameworksBuildPhase section */
		927836E91A068EA900CE9E44 /* Frameworks */ = {
			isa = PBXFrameworksBuildPhase;
			buildActionMask = 2147483647;
			files = (
			);
			runOnlyForDeploymentPostprocessing = 0;
		};
		927837021A068EA900CE9E44 /* Frameworks */ = {
			isa = PBXFrameworksBuildPhase;
			buildActionMask = 2147483647;
			files = (
			);
			runOnlyForDeploymentPostprocessing = 0;
		};
/* End PBXFrameworksBuildPhase section */

/* Begin PBXGroup section */
		927836E31A068EA900CE9E44 = {
			isa = PBXGroup;
			children = (
				927836EE1A068EA900CE9E44 /* Alpha Touch */,
				927837081A068EA900CE9E44 /* Alpha TouchTests */,
				927836ED1A068EA900CE9E44 /* Products */,
			);
			sourceTree = "<group>";
		};
		927836ED1A068EA900CE9E44 /* Products */ = {
			isa = PBXGroup;
			children = (
				927836EC1A068EA900CE9E44 /* Alpha Touch.app */,
				927837051A068EA900CE9E44 /* Alpha TouchTests.xctest */,
			);
			name = Products;
			sourceTree = "<group>";
		};
		927836EE1A068EA900CE9E44 /* Alpha Touch */ = {
			isa = PBXGroup;
			children = (
				927836F31A068EA900CE9E44 /* AppDelegate.h */,
				927836F41A068EA900CE9E44 /* AppDelegate.m */,
				927836F61A068EA900CE9E44 /* ViewController.h */,
				927836F71A068EA900CE9E44 /* ViewController.m */,
				927836F91A068EA900CE9E44 /* Main.storyboard */,
				927836FC1A068EA900CE9E44 /* Images.xcassets */,
				927836FE1A068EA900CE9E44 /* LaunchScreen.xib */,
				927836EF1A068EA900CE9E44 /* Supporting Files */,
			);
			path = "Alpha Touch";
			sourceTree = "<group>";
		};
		927836EF1A068EA900CE9E44 /* Supporting Files */ = {
			isa = PBXGroup;
			children = (
				927836F01A068EA900CE9E44 /* Info.plist */,
				927836F11A068EA900CE9E44 /* main.m */,
			);
			name = "Supporting Files";
			sourceTree = "<group>";
		};
		927837081A068EA900CE9E44 /* Alpha TouchTests */ = {
			isa = PBXGroup;
			children = (
				9278370B1A068EA900CE9E44 /* Alpha_TouchTests.m */,
				927837091A068EA900CE9E44 /* Supporting Files */,
			);
			path = "Alpha TouchTests";
			sourceTree = "<group>";
		};
		927837091A068EA900CE9E44 /* Supporting Files */ = {
			isa = PBXGroup;
			children = (
				9278370A1A068EA900CE9E44 /* Info.plist */,
			);
			name = "Supporting Files";
			sourceTree = "<group>";
		};
/* End PBXGroup section */

/* Begin PBXNativeTarget section */
		927836EB1A068EA900CE9E44 /* Alpha Touch */ = {
			isa = PBXNativeTarget;
			buildConfigurationList = 9278370F1A068EA900CE9E44 /* Build configuration list for PBXNativeTarget "Alpha Touch" */;
			buildPhases = (
				927836E81A068EA900CE9E44 /* Sources */,
				927836E91A068EA900CE9E44 /* Frameworks */,
				927836EA1A068EA900CE9E44 /* Resources */,
			);
			buildRules = (
			);
			dependencies = (
			);
			name = "Alpha Touch";
			productName = "Alpha Touch";
			productReference = 927836EC1A068EA900CE9E44 /* Alpha Touch.app */;
			productType = "com.apple.product-type.application";
		};
		927837041A068EA900CE9E44 /* Alpha TouchTests */ = {
			isa = PBXNativeTarget;
			buildConfigurationList = 927837121A068EA900CE9E44 /* Build configuration list for PBXNativeTarget "Alpha TouchTests" */;
			buildPhases = (
				927837011A068EA900CE9E44 /* Sources */,
				927837021A068EA900CE9E44 /* Frameworks */,
				927837031A068EA900CE9E44 /* Resources */,
			);
			buildRules = (
			);
			dependencies = (
				927837071A068EA900CE9E44 /* PBXTargetDependency */,
			);
			name = "Alpha TouchTests";
			productName = "Alpha TouchTests";
			productReference = 927837051A068EA900CE9E44 /* Alpha TouchTests.xctest */;
			productType = "com.apple.product-type.bundle.unit-test";
		};
/* End PBXNativeTarget section */

/* Begin PBXProject section */
		927836E41A068EA900CE9E44 /* Project object */ = {
			isa = PBXProject;
			attributes = {
				LastUpgradeCheck = 0610;
				ORGANIZATIONNAME = "Toan Nguyen Le";
				TargetAttributes = {
					927836EB1A068EA900CE9E44 = {
						CreatedOnToolsVersion = 6.1;
					};
					927837041A068EA900CE9E44 = {
						CreatedOnToolsVersion = 6.1;
						TestTargetID = 927836EB1A068EA900CE9E44;
					};
				};
			};
			buildConfigurationList = 927836E71A068EA900CE9E44 /* Build configuration list for PBXProject "Alpha Touch" */;
			compatibilityVersion = "Xcode 3.2";
			developmentRegion = English;
			hasScannedForEncodings = 0;
			knownRegions = (
				en,
				Base,
			);
			mainGroup = 927836E31A068EA900CE9E44;
			productRefGroup = 927836ED1A068EA900CE9E44 /* Products */;
			projectDirPath = "";
			projectRoot = "";
			targets = (
				927836EB1A068EA900CE9E44 /* Alpha Touch */,
				927837041A068EA900CE9E44 /* Alpha TouchTests */,
			);
		};
/* End PBXProject section */

/* Begin PBXResourcesBuildPhase section */
		927836EA1A068EA900CE9E44 /* Resources */ = {
			isa = PBXResourcesBuildPhase;
			buildActionMask = 2147483647;
			files = (
				927836FB1A068EA900CE9E44 /* Main.storyboard in Resources */,
				927837001A068EA900CE9E44 /* LaunchScreen.xib in Resources */,
				927836FD1A068EA900CE9E44 /* Images.xcassets in Resources */,
			);
			runOnlyForDeploymentPostprocessing = 0;
		};
		927837031A068EA900CE9E44 /* Resources */ = {
			isa = PBXResourcesBuildPhase;
			buildActionMask = 2147483647;
			files = (
			);
			runOnlyForDeploymentPostprocessing = 0;
		};
/* End PBXResourcesBuildPhase section */

/* Begin PBXSourcesBuildPhase section */
		927836E81A068EA900CE9E44 /* Sources */ = {
			isa = PBXSourcesBuildPhase;
			buildActionMask = 2147483647;
			files = (
				927836F81A068EA900CE9E44 /* ViewController.m in Sources */,
				927836F51A068EA900CE9E44 /* AppDelegate.m in Sources */,
				927836F21A068EA900CE9E44 /* main.m in Sources */,
			);
			runOnlyForDeploymentPostprocessing = 0;
		};
		927837011A068EA900CE9E44 /* Sources */ = {
			isa = PBXSourcesBuildPhase;
			buildActionMask = 2147483647;
			files = (
				9278370C1A068EA900CE9E44 /* Alpha_TouchTests.m in Sources */,
			);
			runOnlyForDeploymentPostprocessing = 0;
		};
/* End PBXSourcesBuildPhase section */

/* Begin PBXTargetDependency section */
		927837071A068EA900CE9E44 /* PBXTargetDependency */ = {
			isa = PBXTargetDependency;
			target = 927836EB1A068EA900CE9E44 /* Alpha Touch */;
			targetProxy = 927837061A068EA900CE9E44 /* PBXContainerItemProxy */;
		};
/* End PBXTargetDependency section */

/* Begin PBXVariantGroup section */
		927836F91A068EA900CE9E44 /* Main.storyboard */ = {
			isa = PBXVariantGroup;
			children = (
				927836FA1A068EA900CE9E44 /* Base */,
			);
			name = Main.storyboard;
			sourceTree = "<group>";
		};
		927836FE1A068EA900CE9E44 /* LaunchScreen.xib */ = {
			isa = PBXVariantGroup;
			children = (
				927836FF1A068EA900CE9E44 /* Base */,
			);
			name = LaunchScreen.xib;
			sourceTree = "<group>";
		};
/* End PBXVariantGroup section */

/* Begin XCBuildConfiguration section */
		9278370D1A068EA900CE9E44 /* Debug */ = {
			isa = XCBuildConfiguration;
			buildSettings = {
				ALWAYS_SEARCH_USER_PATHS = NO;
				CLANG_CXX_LANGUAGE_STANDARD = "gnu++0x";
				CLANG_CXX_LIBRARY = "libc++";
				CLANG_ENABLE_MODULES = YES;
				CLANG_ENABLE_OBJC_ARC = YES;
				CLANG_WARN_BOOL_CONVERSION = YES;
				CLANG_WARN_CONSTANT_CONVERSION = YES;
				CLANG_WARN_DIRECT_OBJC_ISA_USAGE = YES_ERROR;
				CLANG_WARN_EMPTY_BODY = YES;
				CLANG_WARN_ENUM_CONVERSION = YES;
				CLANG_WARN_INT_CONVERSION = YES;
				CLANG_WARN_OBJC_ROOT_CLASS = YES_ERROR;
				CLANG_WARN_UNREACHABLE_CODE = YES;
				CLANG_WARN__DUPLICATE_METHOD_MATCH = YES;
				"CODE_SIGN_IDENTITY[sdk=iphoneos*]" = "iPhone Developer";
				COPY_PHASE_STRIP = NO;
				ENABLE_STRICT_OBJC_MSGSEND = YES;
				GCC_C_LANGUAGE_STANDARD = gnu99;
				GCC_DYNAMIC_NO_PIC = NO;
				GCC_OPTIMIZATION_LEVEL = 0;
				GCC_PREPROCESSOR_DEFINITIONS = (
					"DEBUG=1",
					"$(inherited)",
				);
				GCC_SYMBOLS_PRIVATE_EXTERN = NO;
				GCC_WARN_64_TO_32_BIT_CONVERSION = YES;
				GCC_WARN_ABOUT_RETURN_TYPE = YES_ERROR;
				GCC_WARN_UNDECLARED_SELECTOR = YES;
				GCC_WARN_UNINITIALIZED_AUTOS = YES_AGGRESSIVE;
				GCC_WARN_UNUSED_FUNCTION = YES;
				GCC_WARN_UNUSED_VARIABLE = YES;
				IPHONEOS_DEPLOYMENT_TARGET = 8.1;
				MTL_ENABLE_DEBUG_INFO = YES;
				ONLY_ACTIVE_ARCH = YES;
				SDKROOT = iphoneos;
				TARGETED_DEVICE_FAMILY = "1,2";
			};
			name = Debug;
		};
		9278370E1A068EA900CE9E44 /* Release */ = {
			isa = XCBuildConfiguration;
			buildSettings = {
				ALWAYS_SEARCH_USER_PATHS = NO;
				CLANG_CXX_LANGUAGE_STANDARD = "gnu++0x";
				CLANG_CXX_LIBRARY = "libc++";
				CLANG_ENABLE_MODULES = YES;
				CLANG_ENABLE_OBJC_ARC = YES;
				CLANG_WARN_BOOL_CONVERSION = YES;
				CLANG_WARN_CONSTANT_CONVERSION = YES;
				CLANG_WARN_DIRECT_OBJC_ISA_USAGE = YES_ERROR;
				CLANG_WARN_EMPTY_BODY = YES;
				CLANG_WARN_ENUM_CONVERSION = YES;
				CLANG_WARN_INT_CONVERSION = YES;
				CLANG_WARN_OBJC_ROOT_CLASS = YES_ERROR;
				CLANG_WARN_UNREACHABLE_CODE = YES;
				CLANG_WARN__DUPLICATE_METHOD_MATCH = YES;
				"CODE_SIGN_IDENTITY[sdk=iphoneos*]" = "iPhone Developer";
				COPY_PHASE_STRIP = YES;
				ENABLE_NS_ASSERTIONS = NO;
				ENABLE_STRICT_OBJC_MSGSEND = YES;
				GCC_C_LANGUAGE_STANDARD = gnu99;
				GCC_WARN_64_TO_32_BIT_CONVERSION = YES;
				GCC_WARN_ABOUT_RETURN_TYPE = YES_ERROR;
				GCC_WARN_UNDECLARED_SELECTOR = YES;
				GCC_WARN_UNINITIALIZED_AUTOS = YES_AGGRESSIVE;
				GCC_WARN_UNUSED_FUNCTION = YES;
				GCC_WARN_UNUSED_VARIABLE = YES;
				IPHONEOS_DEPLOYMENT_TARGET = 8.1;
				MTL_ENABLE_DEBUG_INFO = NO;
				SDKROOT = iphoneos;
				TARGETED_DEVICE_FAMILY = "1,2";
				VALIDATE_PRODUCT = YES;
			};
			name = Release;
		};
		927837101A068EA900CE9E44 /* Debug */ = {
			isa = XCBuildConfiguration;
			buildSettings = {
				ASSETCATALOG_COMPILER_APPICON_NAME = AppIcon;
				INFOPLIST_FILE = "Alpha Touch/Info.plist";
				LD_RUNPATH_SEARCH_PATHS = "$(inherited) @executable_path/Frameworks";
				PRODUCT_NAME = "$(TARGET_NAME)";
			};
			name = Debug;
		};
		927837111A068EA900CE9E44 /* Release */ = {
			isa = XCBuildConfiguration;
			buildSettings = {
				ASSETCATALOG_COMPILER_APPICON_NAME = AppIcon;
				INFOPLIST_FILE = "Alpha Touch/Info.plist";
				LD_RUNPATH_SEARCH_PATHS = "$(inherited) @executable_path/Frameworks";
				PRODUCT_NAME = "$(TARGET_NAME)";
			};
			name = Release;
		};
		927837131A068EA900CE9E44 /* Debug */ = {
			isa = XCBuildConfiguration;
			buildSettings = {
				BUNDLE_LOADER = "$(TEST_HOST)";
				FRAMEWORK_SEARCH_PATHS = (
					"$(SDKROOT)/Developer/Library/Frameworks",
					"$(inherited)",
				);
				GCC_PREPROCESSOR_DEFINITIONS = (
					"DEBUG=1",
					"$(inherited)",
				);
				INFOPLIST_FILE = "Alpha TouchTests/Info.plist";
				LD_RUNPATH_SEARCH_PATHS = "$(inherited) @executable_path/Frameworks @loader_path/Frameworks";
				PRODUCT_NAME = "$(TARGET_NAME)";
				TEST_HOST = "$(BUILT_PRODUCTS_DIR)/Alpha Touch.app/Alpha Touch";
			};
			name = Debug;
		};
		927837141A068EA900CE9E44 /* Release */ = {
			isa = XCBuildConfiguration;
			buildSettings = {
				BUNDLE_LOADER = "$(TEST_HOST)";
				FRAMEWORK_SEARCH_PATHS = (
					"$(SDKROOT)/Developer/Library/Frameworks",
					"$(inherited)",
				);
				INFOPLIST_FILE = "Alpha TouchTests/Info.plist";
				LD_RUNPATH_SEARCH_PATHS = "$(inherited) @executable_path/Frameworks @loader_path/Frameworks";
				PRODUCT_NAME = "$(TARGET_NAME)";
				TEST_HOST = "$(BUILT_PRODUCTS_DIR)/Alpha Touch.app/Alpha Touch";
			};
			name = Release;
		};
/* End XCBuildConfiguration section */

/* Begin XCConfigurationList section */
		927836E71A068EA900CE9E44 /* Build configuration list for PBXProject "Alpha Touch" */ = {
			isa = XCConfigurationList;
			buildConfigurations = (
				9278370D1A068EA900CE9E44 /* Debug */,
				9278370E1A068EA900CE9E44 /* Release */,
			);
			defaultConfigurationIsVisible = 0;
			defaultConfigurationName = Release;
		};
		9278370F1A068EA900CE9E44 /* Build configuration list for PBXNativeTarget "Alpha Touch" */ = {
			isa = XCConfigurationList;
			buildConfigurations = (
				927837101A068EA900CE9E44 /* Debug */,
				927837111A068EA900CE9E44 /* Release */,
			);
			defaultConfigurationIsVisible = 0;
		};
		927837121A068EA900CE9E44 /* Build configuration list for PBXNativeTarget "Alpha TouchTests" */ = {
			isa = XCConfigurationList;
			buildConfigurations = (
				927837131A068EA900CE9E44 /* Debug */,
				927837141A068EA900CE9E44 /* Release */,
			);
			defaultConfigurationIsVisible = 0;
		};
/* End XCConfigurationList section */
	};
	rootObject = 927836E41A068EA900CE9E44 /* Project object */;
}
