// !$*UTF8*$!
{
	archiveVersion = 1;
	classes = {
	};
	objectVersion = 46;
	objects = {

/* Begin PBXBuildFile section */
		92D4AC1F1A060FA400734BB3 /* AppDelegate.swift in Sources */ = {isa = PBXBuildFile; fileRef = 92D4AC1E1A060FA400734BB3 /* AppDelegate.swift */; };
		92D4AC211A060FA400734BB3 /* ViewController.swift in Sources */ = {isa = PBXBuildFile; fileRef = 92D4AC201A060FA400734BB3 /* ViewController.swift */; };
		92D4AC241A060FA400734BB3 /* Main.storyboard in Resources */ = {isa = PBXBuildFile; fileRef = 92D4AC221A060FA400734BB3 /* Main.storyboard */; };
		92D4AC261A060FA400734BB3 /* Images.xcassets in Resources */ = {isa = PBXBuildFile; fileRef = 92D4AC251A060FA400734BB3 /* Images.xcassets */; };
		92D4AC291A060FA400734BB3 /* LaunchScreen.xib in Resources */ = {isa = PBXBuildFile; fileRef = 92D4AC271A060FA400734BB3 /* LaunchScreen.xib */; };
		92D4AC351A060FA400734BB3 /* my_makeup_caseTests.swift in Sources */ = {isa = PBXBuildFile; fileRef = 92D4AC341A060FA400734BB3 /* my_makeup_caseTests.swift */; };
/* End PBXBuildFile section */

/* Begin PBXContainerItemProxy section */
		92D4AC2F1A060FA400734BB3 /* PBXContainerItemProxy */ = {
			isa = PBXContainerItemProxy;
			containerPortal = 92D4AC111A060FA400734BB3 /* Project object */;
			proxyType = 1;
			remoteGlobalIDString = 92D4AC181A060FA400734BB3;
			remoteInfo = "my makeup case";
		};
/* End PBXContainerItemProxy section */

/* Begin PBXFileReference section */
		92D4AC191A060FA400734BB3 /* my makeup case.app */ = {isa = PBXFileReference; explicitFileType = wrapper.application; includeInIndex = 0; path = "my makeup case.app"; sourceTree = BUILT_PRODUCTS_DIR; };
		92D4AC1D1A060FA400734BB3 /* Info.plist */ = {isa = PBXFileReference; lastKnownFileType = text.plist.xml; path = Info.plist; sourceTree = "<group>"; };
		92D4AC1E1A060FA400734BB3 /* AppDelegate.swift */ = {isa = PBXFileReference; lastKnownFileType = sourcecode.swift; path = AppDelegate.swift; sourceTree = "<group>"; };
		92D4AC201A060FA400734BB3 /* ViewController.swift */ = {isa = PBXFileReference; lastKnownFileType = sourcecode.swift; path = ViewController.swift; sourceTree = "<group>"; };
		92D4AC231A060FA400734BB3 /* Base */ = {isa = PBXFileReference; lastKnownFileType = file.storyboard; name = Base; path = Base.lproj/Main.storyboard; sourceTree = "<group>"; };
		92D4AC251A060FA400734BB3 /* Images.xcassets */ = {isa = PBXFileReference; lastKnownFileType = folder.assetcatalog; path = Images.xcassets; sourceTree = "<group>"; };
		92D4AC281A060FA400734BB3 /* Base */ = {isa = PBXFileReference; lastKnownFileType = file.xib; name = Base; path = Base.lproj/LaunchScreen.xib; sourceTree = "<group>"; };
		92D4AC2E1A060FA400734BB3 /* my makeup caseTests.xctest */ = {isa = PBXFileReference; explicitFileType = wrapper.cfbundle; includeInIndex = 0; path = "my makeup caseTests.xctest"; sourceTree = BUILT_PRODUCTS_DIR; };
		92D4AC331A060FA400734BB3 /* Info.plist */ = {isa = PBXFileReference; lastKnownFileType = text.plist.xml; path = Info.plist; sourceTree = "<group>"; };
		92D4AC341A060FA400734BB3 /* my_makeup_caseTests.swift */ = {isa = PBXFileReference; lastKnownFileType = sourcecode.swift; path = my_makeup_caseTests.swift; sourceTree = "<group>"; };
/* End PBXFileReference section */

/* Begin PBXFrameworksBuildPhase section */
		92D4AC161A060FA400734BB3 /* Frameworks */ = {
			isa = PBXFrameworksBuildPhase;
			buildActionMask = 2147483647;
			files = (
			);
			runOnlyForDeploymentPostprocessing = 0;
		};
		92D4AC2B1A060FA400734BB3 /* Frameworks */ = {
			isa = PBXFrameworksBuildPhase;
			buildActionMask = 2147483647;
			files = (
			);
			runOnlyForDeploymentPostprocessing = 0;
		};
/* End PBXFrameworksBuildPhase section */

/* Begin PBXGroup section */
		92D4AC101A060FA400734BB3 = {
			isa = PBXGroup;
			children = (
				92D4AC1B1A060FA400734BB3 /* my makeup case */,
				92D4AC311A060FA400734BB3 /* my makeup caseTests */,
				92D4AC1A1A060FA400734BB3 /* Products */,
			);
			sourceTree = "<group>";
		};
		92D4AC1A1A060FA400734BB3 /* Products */ = {
			isa = PBXGroup;
			children = (
				92D4AC191A060FA400734BB3 /* my makeup case.app */,
				92D4AC2E1A060FA400734BB3 /* my makeup caseTests.xctest */,
			);
			name = Products;
			sourceTree = "<group>";
		};
		92D4AC1B1A060FA400734BB3 /* my makeup case */ = {
			isa = PBXGroup;
			children = (
				92D4AC1E1A060FA400734BB3 /* AppDelegate.swift */,
				92D4AC201A060FA400734BB3 /* ViewController.swift */,
				92D4AC221A060FA400734BB3 /* Main.storyboard */,
				92D4AC251A060FA400734BB3 /* Images.xcassets */,
				92D4AC271A060FA400734BB3 /* LaunchScreen.xib */,
				92D4AC1C1A060FA400734BB3 /* Supporting Files */,
			);
			path = "my makeup case";
			sourceTree = "<group>";
		};
		92D4AC1C1A060FA400734BB3 /* Supporting Files */ = {
			isa = PBXGroup;
			children = (
				92D4AC1D1A060FA400734BB3 /* Info.plist */,
			);
			name = "Supporting Files";
			sourceTree = "<group>";
		};
		92D4AC311A060FA400734BB3 /* my makeup caseTests */ = {
			isa = PBXGroup;
			children = (
				92D4AC341A060FA400734BB3 /* my_makeup_caseTests.swift */,
				92D4AC321A060FA400734BB3 /* Supporting Files */,
			);
			path = "my makeup caseTests";
			sourceTree = "<group>";
		};
		92D4AC321A060FA400734BB3 /* Supporting Files */ = {
			isa = PBXGroup;
			children = (
				92D4AC331A060FA400734BB3 /* Info.plist */,
			);
			name = "Supporting Files";
			sourceTree = "<group>";
		};
/* End PBXGroup section */

/* Begin PBXNativeTarget section */
		92D4AC181A060FA400734BB3 /* my makeup case */ = {
			isa = PBXNativeTarget;
			buildConfigurationList = 92D4AC381A060FA400734BB3 /* Build configuration list for PBXNativeTarget "my makeup case" */;
			buildPhases = (
				92D4AC151A060FA400734BB3 /* Sources */,
				92D4AC161A060FA400734BB3 /* Frameworks */,
				92D4AC171A060FA400734BB3 /* Resources */,
			);
			buildRules = (
			);
			dependencies = (
			);
			name = "my makeup case";
			productName = "my makeup case";
			productReference = 92D4AC191A060FA400734BB3 /* my makeup case.app */;
			productType = "com.apple.product-type.application";
		};
		92D4AC2D1A060FA400734BB3 /* my makeup caseTests */ = {
			isa = PBXNativeTarget;
			buildConfigurationList = 92D4AC3B1A060FA400734BB3 /* Build configuration list for PBXNativeTarget "my makeup caseTests" */;
			buildPhases = (
				92D4AC2A1A060FA400734BB3 /* Sources */,
				92D4AC2B1A060FA400734BB3 /* Frameworks */,
				92D4AC2C1A060FA400734BB3 /* Resources */,
			);
			buildRules = (
			);
			dependencies = (
				92D4AC301A060FA400734BB3 /* PBXTargetDependency */,
			);
			name = "my makeup caseTests";
			productName = "my makeup caseTests";
			productReference = 92D4AC2E1A060FA400734BB3 /* my makeup caseTests.xctest */;
			productType = "com.apple.product-type.bundle.unit-test";
		};
/* End PBXNativeTarget section */

/* Begin PBXProject section */
		92D4AC111A060FA400734BB3 /* Project object */ = {
			isa = PBXProject;
			attributes = {
				LastUpgradeCheck = 0610;
				ORGANIZATIONNAME = "Toan Nguyen Le";
				TargetAttributes = {
					92D4AC181A060FA400734BB3 = {
						CreatedOnToolsVersion = 6.1;
					};
					92D4AC2D1A060FA400734BB3 = {
						CreatedOnToolsVersion = 6.1;
						TestTargetID = 92D4AC181A060FA400734BB3;
					};
				};
			};
			buildConfigurationList = 92D4AC141A060FA400734BB3 /* Build configuration list for PBXProject "my makeup case" */;
			compatibilityVersion = "Xcode 3.2";
			developmentRegion = English;
			hasScannedForEncodings = 0;
			knownRegions = (
				en,
				Base,
			);
			mainGroup = 92D4AC101A060FA400734BB3;
			productRefGroup = 92D4AC1A1A060FA400734BB3 /* Products */;
			projectDirPath = "";
			projectRoot = "";
			targets = (
				92D4AC181A060FA400734BB3 /* my makeup case */,
				92D4AC2D1A060FA400734BB3 /* my makeup caseTests */,
			);
		};
/* End PBXProject section */

/* Begin PBXResourcesBuildPhase section */
		92D4AC171A060FA400734BB3 /* Resources */ = {
			isa = PBXResourcesBuildPhase;
			buildActionMask = 2147483647;
			files = (
				92D4AC241A060FA400734BB3 /* Main.storyboard in Resources */,
				92D4AC291A060FA400734BB3 /* LaunchScreen.xib in Resources */,
				92D4AC261A060FA400734BB3 /* Images.xcassets in Resources */,
			);
			runOnlyForDeploymentPostprocessing = 0;
		};
		92D4AC2C1A060FA400734BB3 /* Resources */ = {
			isa = PBXResourcesBuildPhase;
			buildActionMask = 2147483647;
			files = (
			);
			runOnlyForDeploymentPostprocessing = 0;
		};
/* End PBXResourcesBuildPhase section */

/* Begin PBXSourcesBuildPhase section */
		92D4AC151A060FA400734BB3 /* Sources */ = {
			isa = PBXSourcesBuildPhase;
			buildActionMask = 2147483647;
			files = (
				92D4AC211A060FA400734BB3 /* ViewController.swift in Sources */,
				92D4AC1F1A060FA400734BB3 /* AppDelegate.swift in Sources */,
			);
			runOnlyForDeploymentPostprocessing = 0;
		};
		92D4AC2A1A060FA400734BB3 /* Sources */ = {
			isa = PBXSourcesBuildPhase;
			buildActionMask = 2147483647;
			files = (
				92D4AC351A060FA400734BB3 /* my_makeup_caseTests.swift in Sources */,
			);
			runOnlyForDeploymentPostprocessing = 0;
		};
/* End PBXSourcesBuildPhase section */

/* Begin PBXTargetDependency section */
		92D4AC301A060FA400734BB3 /* PBXTargetDependency */ = {
			isa = PBXTargetDependency;
			target = 92D4AC181A060FA400734BB3 /* my makeup case */;
			targetProxy = 92D4AC2F1A060FA400734BB3 /* PBXContainerItemProxy */;
		};
/* End PBXTargetDependency section */

/* Begin PBXVariantGroup section */
		92D4AC221A060FA400734BB3 /* Main.storyboard */ = {
			isa = PBXVariantGroup;
			children = (
				92D4AC231A060FA400734BB3 /* Base */,
			);
			name = Main.storyboard;
			sourceTree = "<group>";
		};
		92D4AC271A060FA400734BB3 /* LaunchScreen.xib */ = {
			isa = PBXVariantGroup;
			children = (
				92D4AC281A060FA400734BB3 /* Base */,
			);
			name = LaunchScreen.xib;
			sourceTree = "<group>";
		};
/* End PBXVariantGroup section */

/* Begin XCBuildConfiguration section */
		92D4AC361A060FA400734BB3 /* Debug */ = {
			isa = XCBuildConfiguration;
			buildSettings = {
				ALWAYS_SEARCH_USER_PATHS = NO;
				CLANG_CXX_LANGUAGE_STANDARD = "gnu++0x";
				CLANG_CXX_LIBRARY = "libc++";
				CLANG_ENABLE_MODULES = YES;
				CLANG_ENABLE_OBJC_ARC = YES;
				CLANG_WARN_BOOL_CONVERSION = YES;
				CLANG_WARN_CONSTANT_CONVERSION = YES;
				CLANG_WARN_DIRECT_OBJC_ISA_USAGE = YES_ERROR;
				CLANG_WARN_EMPTY_BODY = YES;
				CLANG_WARN_ENUM_CONVERSION = YES;
				CLANG_WARN_INT_CONVERSION = YES;
				CLANG_WARN_OBJC_ROOT_CLASS = YES_ERROR;
				CLANG_WARN_UNREACHABLE_CODE = YES;
				CLANG_WARN__DUPLICATE_METHOD_MATCH = YES;
				"CODE_SIGN_IDENTITY[sdk=iphoneos*]" = "iPhone Developer";
				COPY_PHASE_STRIP = NO;
				ENABLE_STRICT_OBJC_MSGSEND = YES;
				GCC_C_LANGUAGE_STANDARD = gnu99;
				GCC_DYNAMIC_NO_PIC = NO;
				GCC_OPTIMIZATION_LEVEL = 0;
				GCC_PREPROCESSOR_DEFINITIONS = (
					"DEBUG=1",
					"$(inherited)",
				);
				GCC_SYMBOLS_PRIVATE_EXTERN = NO;
				GCC_WARN_64_TO_32_BIT_CONVERSION = YES;
				GCC_WARN_ABOUT_RETURN_TYPE = YES_ERROR;
				GCC_WARN_UNDECLARED_SELECTOR = YES;
				GCC_WARN_UNINITIALIZED_AUTOS = YES_AGGRESSIVE;
				GCC_WARN_UNUSED_FUNCTION = YES;
				GCC_WARN_UNUSED_VARIABLE = YES;
				IPHONEOS_DEPLOYMENT_TARGET = 8.1;
				MTL_ENABLE_DEBUG_INFO = YES;
				ONLY_ACTIVE_ARCH = YES;
				SDKROOT = iphoneos;
				SWIFT_OPTIMIZATION_LEVEL = "-Onone";
				TARGETED_DEVICE_FAMILY = "1,2";
			};
			name = Debug;
		};
		92D4AC371A060FA400734BB3 /* Release */ = {
			isa = XCBuildConfiguration;
			buildSettings = {
				ALWAYS_SEARCH_USER_PATHS = NO;
				CLANG_CXX_LANGUAGE_STANDARD = "gnu++0x";
				CLANG_CXX_LIBRARY = "libc++";
				CLANG_ENABLE_MODULES = YES;
				CLANG_ENABLE_OBJC_ARC = YES;
				CLANG_WARN_BOOL_CONVERSION = YES;
				CLANG_WARN_CONSTANT_CONVERSION = YES;
				CLANG_WARN_DIRECT_OBJC_ISA_USAGE = YES_ERROR;
				CLANG_WARN_EMPTY_BODY = YES;
				CLANG_WARN_ENUM_CONVERSION = YES;
				CLANG_WARN_INT_CONVERSION = YES;
				CLANG_WARN_OBJC_ROOT_CLASS = YES_ERROR;
				CLANG_WARN_UNREACHABLE_CODE = YES;
				CLANG_WARN__DUPLICATE_METHOD_MATCH = YES;
				"CODE_SIGN_IDENTITY[sdk=iphoneos*]" = "iPhone Developer";
				COPY_PHASE_STRIP = YES;
				ENABLE_NS_ASSERTIONS = NO;
				ENABLE_STRICT_OBJC_MSGSEND = YES;
				GCC_C_LANGUAGE_STANDARD = gnu99;
				GCC_WARN_64_TO_32_BIT_CONVERSION = YES;
				GCC_WARN_ABOUT_RETURN_TYPE = YES_ERROR;
				GCC_WARN_UNDECLARED_SELECTOR = YES;
				GCC_WARN_UNINITIALIZED_AUTOS = YES_AGGRESSIVE;
				GCC_WARN_UNUSED_FUNCTION = YES;
				GCC_WARN_UNUSED_VARIABLE = YES;
				IPHONEOS_DEPLOYMENT_TARGET = 8.1;
				MTL_ENABLE_DEBUG_INFO = NO;
				SDKROOT = iphoneos;
				TARGETED_DEVICE_FAMILY = "1,2";
				VALIDATE_PRODUCT = YES;
			};
			name = Release;
		};
		92D4AC391A060FA400734BB3 /* Debug */ = {
			isa = XCBuildConfiguration;
			buildSettings = {
				ASSETCATALOG_COMPILER_APPICON_NAME = AppIcon;
				INFOPLIST_FILE = "my makeup case/Info.plist";
				LD_RUNPATH_SEARCH_PATHS = "$(inherited) @executable_path/Frameworks";
				PRODUCT_NAME = "$(TARGET_NAME)";
			};
			name = Debug;
		};
		92D4AC3A1A060FA400734BB3 /* Release */ = {
			isa = XCBuildConfiguration;
			buildSettings = {
				ASSETCATALOG_COMPILER_APPICON_NAME = AppIcon;
				INFOPLIST_FILE = "my makeup case/Info.plist";
				LD_RUNPATH_SEARCH_PATHS = "$(inherited) @executable_path/Frameworks";
				PRODUCT_NAME = "$(TARGET_NAME)";
			};
			name = Release;
		};
		92D4AC3C1A060FA400734BB3 /* Debug */ = {
			isa = XCBuildConfiguration;
			buildSettings = {
				BUNDLE_LOADER = "$(TEST_HOST)";
				FRAMEWORK_SEARCH_PATHS = (
					"$(SDKROOT)/Developer/Library/Frameworks",
					"$(inherited)",
				);
				GCC_PREPROCESSOR_DEFINITIONS = (
					"DEBUG=1",
					"$(inherited)",
				);
				INFOPLIST_FILE = "my makeup caseTests/Info.plist";
				LD_RUNPATH_SEARCH_PATHS = "$(inherited) @executable_path/Frameworks @loader_path/Frameworks";
				PRODUCT_NAME = "$(TARGET_NAME)";
				TEST_HOST = "$(BUILT_PRODUCTS_DIR)/my makeup case.app/my makeup case";
			};
			name = Debug;
		};
		92D4AC3D1A060FA400734BB3 /* Release */ = {
			isa = XCBuildConfiguration;
			buildSettings = {
				BUNDLE_LOADER = "$(TEST_HOST)";
				FRAMEWORK_SEARCH_PATHS = (
					"$(SDKROOT)/Developer/Library/Frameworks",
					"$(inherited)",
				);
				INFOPLIST_FILE = "my makeup caseTests/Info.plist";
				LD_RUNPATH_SEARCH_PATHS = "$(inherited) @executable_path/Frameworks @loader_path/Frameworks";
				PRODUCT_NAME = "$(TARGET_NAME)";
				TEST_HOST = "$(BUILT_PRODUCTS_DIR)/my makeup case.app/my makeup case";
			};
			name = Release;
		};
/* End XCBuildConfiguration section */

/* Begin XCConfigurationList section */
		92D4AC141A060FA400734BB3 /* Build configuration list for PBXProject "my makeup case" */ = {
			isa = XCConfigurationList;
			buildConfigurations = (
				92D4AC361A060FA400734BB3 /* Debug */,
				92D4AC371A060FA400734BB3 /* Release */,
			);
			defaultConfigurationIsVisible = 0;
			defaultConfigurationName = Release;
		};
		92D4AC381A060FA400734BB3 /* Build configuration list for PBXNativeTarget "my makeup case" */ = {
			isa = XCConfigurationList;
			buildConfigurations = (
				92D4AC391A060FA400734BB3 /* Debug */,
				92D4AC3A1A060FA400734BB3 /* Release */,
			);
			defaultConfigurationIsVisible = 0;
		};
		92D4AC3B1A060FA400734BB3 /* Build configuration list for PBXNativeTarget "my makeup caseTests" */ = {
			isa = XCConfigurationList;
			buildConfigurations = (
				92D4AC3C1A060FA400734BB3 /* Debug */,
				92D4AC3D1A060FA400734BB3 /* Release */,
			);
			defaultConfigurationIsVisible = 0;
		};
/* End XCConfigurationList section */
	};
	rootObject = 92D4AC111A060FA400734BB3 /* Project object */;
}
